
Microsoft Visual Studio Solution File, Format Version 12.00
# Visual Studio Version 16
VisualStudioVersion = 16.0.35130.168
MinimumVisualStudioVersion = 10.0.40219.1
Project("{FAE04EC0-301F-11D3-BF4B-00C04F79EFBC}") = "FirstProject", "FirstProject\FirstProject.csproj", "{ABEE1F5E-3638-4DA7-AC58-57EA5CD584A0}"
EndProject
Global
	GlobalSection(SolutionConfigurationPlatforms) = preSolution
		Debug|Any CPU = Debug|Any CPU
		Release|Any CPU = Release|Any CPU
	EndGlobalSection
	GlobalSection(ProjectConfigurationPlatforms) = postSolution
		{ABEE1F5E-3638-4DA7-AC58-57EA5CD584A0}.Debug|Any CPU.ActiveCfg = Debug|Any CPU
		{ABEE1F5E-3638-4DA7-AC58-57EA5CD584A0}.Debug|Any CPU.Build.0 = Debug|Any CPU
		{ABEE1F5E-3638-4DA7-AC58-57EA5CD584A0}.Release|Any CPU.ActiveCfg = Release|Any CPU
		{ABEE1F5E-3638-4DA7-AC58-57EA5CD584A0}.Release|Any CPU.Build.0 = Release|Any CPU
	EndGlobalSection
	GlobalSection(SolutionProperties) = preSolution
		HideSolutionNode = FALSE
	EndGlobalSection
	GlobalSection(ExtensibilityGlobals) = postSolution
		SolutionGuid = {20BAA208-521B-4BA3-9FB4-9E6D0ED22917}
	EndGlobalSection
EndGlobal
