
Microsoft Visual Studio Solution File, Format Version 12.00
# Visual Studio Version 16
VisualStudioVersion = 16.0.35130.168
MinimumVisualStudioVersion = 10.0.40219.1
Project("{FAE04EC0-301F-11D3-BF4B-00C04F79EFBC}") = "Quiz2", "Quiz2\Quiz2.csproj", "{306168D9-223A-49D2-9366-B53FBD61791A}"
EndProject
Global
	GlobalSection(SolutionConfigurationPlatforms) = preSolution
		Debug|Any CPU = Debug|Any CPU
		Release|Any CPU = Release|Any CPU
	EndGlobalSection
	GlobalSection(ProjectConfigurationPlatforms) = postSolution
		{306168D9-223A-49D2-9366-B53FBD61791A}.Debug|Any CPU.ActiveCfg = Debug|Any CPU
		{306168D9-223A-49D2-9366-B53FBD61791A}.Debug|Any CPU.Build.0 = Debug|Any CPU
		{306168D9-223A-49D2-9366-B53FBD61791A}.Release|Any CPU.ActiveCfg = Release|Any CPU
		{306168D9-223A-49D2-9366-B53FBD61791A}.Release|Any CPU.Build.0 = Release|Any CPU
	EndGlobalSection
	GlobalSection(SolutionProperties) = preSolution
		HideSolutionNode = FALSE
	EndGlobalSection
	GlobalSection(ExtensibilityGlobals) = postSolution
		SolutionGuid = {FF017E57-A886-451B-8A0F-1727F54F9FF8}
	EndGlobalSection
EndGlobal
